// !$*UTF8*$!
{
	archiveVersion = 1;
	classes = {
	};
	objectVersion = 46;
	objects = {

/* Begin PBXBuildFile section */
		DC915E9F1D124E470070C2DF /* main.m in Sources */ = {isa = PBXBuildFile; fileRef = DC915E9E1D124E470070C2DF /* main.m */; };
		DC915EA21D124E470070C2DF /* AppDelegate.m in Sources */ = {isa = PBXBuildFile; fileRef = DC915EA11D124E470070C2DF /* AppDelegate.m */; };
		DC915EA51D124E470070C2DF /* ViewController.m in Sources */ = {isa = PBXBuildFile; fileRef = DC915EA41D124E470070C2DF /* ViewController.m */; };
		DC915EA81D124E470070C2DF /* Main.storyboard in Resources */ = {isa = PBXBuildFile; fileRef = DC915EA61D124E470070C2DF /* Main.storyboard */; };
		DC915EAA1D124E470070C2DF /* Assets.xcassets in Resources */ = {isa = PBXBuildFile; fileRef = DC915EA91D124E470070C2DF /* Assets.xcassets */; };
		DC915EAD1D124E470070C2DF /* LaunchScreen.storyboard in Resources */ = {isa = PBXBuildFile; fileRef = DC915EAB1D124E470070C2DF /* LaunchScreen.storyboard */; };
		DC915EB81D124E470070C2DF /* GA_LightWeightViewControllerTests.m in Sources */ = {isa = PBXBuildFile; fileRef = DC915EB71D124E470070C2DF /* GA_LightWeightViewControllerTests.m */; };
		DC915EC31D124E470070C2DF /* GA_LightWeightViewControllerUITests.m in Sources */ = {isa = PBXBuildFile; fileRef = DC915EC21D124E470070C2DF /* GA_LightWeightViewControllerUITests.m */; };
		DC915ED21D124E6D0070C2DF /* TableViewDataSource.m in Sources */ = {isa = PBXBuildFile; fileRef = DC915ED11D124E6D0070C2DF /* TableViewDataSource.m */; };
		DC915EDB1D1252650070C2DF /* BCell.m in Sources */ = {isa = PBXBuildFile; fileRef = DC915ED91D1252650070C2DF /* BCell.m */; };
		DC915EDC1D1252650070C2DF /* BCell.xib in Resources */ = {isa = PBXBuildFile; fileRef = DC915EDA1D1252650070C2DF /* BCell.xib */; };
		DC915EE21D1256190070C2DF /* BModel.m in Sources */ = {isa = PBXBuildFile; fileRef = DC915EE11D1256190070C2DF /* BModel.m */; };
		DC915EE51D1256A10070C2DF /* BCell+ConfigureForData.m in Sources */ = {isa = PBXBuildFile; fileRef = DC915EE41D1256A10070C2DF /* BCell+ConfigureForData.m */; };
		DC915EE81D1257890070C2DF /* Store.m in Sources */ = {isa = PBXBuildFile; fileRef = DC915EE71D1257890070C2DF /* Store.m */; };
/* End PBXBuildFile section */

/* Begin PBXContainerItemProxy section */
		DC915EB41D124E470070C2DF /* PBXContainerItemProxy */ = {
			isa = PBXContainerItemProxy;
			containerPortal = DC915E921D124E470070C2DF /* Project object */;
			proxyType = 1;
			remoteGlobalIDString = DC915E991D124E470070C2DF;
			remoteInfo = GA_LightWeightViewController;
		};
		DC915EBF1D124E470070C2DF /* PBXContainerItemProxy */ = {
			isa = PBXContainerItemProxy;
			containerPortal = DC915E921D124E470070C2DF /* Project object */;
			proxyType = 1;
			remoteGlobalIDString = DC915E991D124E470070C2DF;
			remoteInfo = GA_LightWeightViewController;
		};
/* End PBXContainerItemProxy section */

/* Begin PBXFileReference section */
		DC915E9A1D124E470070C2DF /* GA_LightWeightViewController.app */ = {isa = PBXFileReference; explicitFileType = wrapper.application; includeInIndex = 0; path = GA_LightWeightViewController.app; sourceTree = BUILT_PRODUCTS_DIR; };
		DC915E9E1D124E470070C2DF /* main.m */ = {isa = PBXFileReference; lastKnownFileType = sourcecode.c.objc; path = main.m; sourceTree = "<group>"; };
		DC915EA01D124E470070C2DF /* AppDelegate.h */ = {isa = PBXFileReference; lastKnownFileType = sourcecode.c.h; path = AppDelegate.h; sourceTree = "<group>"; };
		DC915EA11D124E470070C2DF /* AppDelegate.m */ = {isa = PBXFileReference; lastKnownFileType = sourcecode.c.objc; path = AppDelegate.m; sourceTree = "<group>"; };
		DC915EA31D124E470070C2DF /* ViewController.h */ = {isa = PBXFileReference; lastKnownFileType = sourcecode.c.h; path = ViewController.h; sourceTree = "<group>"; };
		DC915EA41D124E470070C2DF /* ViewController.m */ = {isa = PBXFileReference; lastKnownFileType = sourcecode.c.objc; path = ViewController.m; sourceTree = "<group>"; };
		DC915EA71D124E470070C2DF /* Base */ = {isa = PBXFileReference; lastKnownFileType = file.storyboard; name = Base; path = Base.lproj/Main.storyboard; sourceTree = "<group>"; };
		DC915EA91D124E470070C2DF /* Assets.xcassets */ = {isa = PBXFileReference; lastKnownFileType = folder.assetcatalog; path = Assets.xcassets; sourceTree = "<group>"; };
		DC915EAC1D124E470070C2DF /* Base */ = {isa = PBXFileReference; lastKnownFileType = file.storyboard; name = Base; path = Base.lproj/LaunchScreen.storyboard; sourceTree = "<group>"; };
		DC915EAE1D124E470070C2DF /* Info.plist */ = {isa = PBXFileReference; lastKnownFileType = text.plist.xml; path = Info.plist; sourceTree = "<group>"; };
		DC915EB31D124E470070C2DF /* GA_LightWeightViewControllerTests.xctest */ = {isa = PBXFileReference; explicitFileType = wrapper.cfbundle; includeInIndex = 0; path = GA_LightWeightViewControllerTests.xctest; sourceTree = BUILT_PRODUCTS_DIR; };
		DC915EB71D124E470070C2DF /* GA_LightWeightViewControllerTests.m */ = {isa = PBXFileReference; lastKnownFileType = sourcecode.c.objc; path = GA_LightWeightViewControllerTests.m; sourceTree = "<group>"; };
		DC915EB91D124E470070C2DF /* Info.plist */ = {isa = PBXFileReference; lastKnownFileType = text.plist.xml; path = Info.plist; sourceTree = "<group>"; };
		DC915EBE1D124E470070C2DF /* GA_LightWeightViewControllerUITests.xctest */ = {isa = PBXFileReference; explicitFileType = wrapper.cfbundle; includeInIndex = 0; path = GA_LightWeightViewControllerUITests.xctest; sourceTree = BUILT_PRODUCTS_DIR; };
		DC915EC21D124E470070C2DF /* GA_LightWeightViewControllerUITests.m */ = {isa = PBXFileReference; lastKnownFileType = sourcecode.c.objc; path = GA_LightWeightViewControllerUITests.m; sourceTree = "<group>"; };
		DC915EC41D124E470070C2DF /* Info.plist */ = {isa = PBXFileReference; lastKnownFileType = text.plist.xml; path = Info.plist; sourceTree = "<group>"; };
		DC915ED01D124E6D0070C2DF /* TableViewDataSource.h */ = {isa = PBXFileReference; fileEncoding = 4; lastKnownFileType = sourcecode.c.h; path = TableViewDataSource.h; sourceTree = "<group>"; };
		DC915ED11D124E6D0070C2DF /* TableViewDataSource.m */ = {isa = PBXFileReference; fileEncoding = 4; lastKnownFileType = sourcecode.c.objc; path = TableViewDataSource.m; sourceTree = "<group>"; };
		DC915ED81D1252650070C2DF /* BCell.h */ = {isa = PBXFileReference; fileEncoding = 4; lastKnownFileType = sourcecode.c.h; path = BCell.h; sourceTree = "<group>"; };
		DC915ED91D1252650070C2DF /* BCell.m */ = {isa = PBXFileReference; fileEncoding = 4; lastKnownFileType = sourcecode.c.objc; path = BCell.m; sourceTree = "<group>"; };
		DC915EDA1D1252650070C2DF /* BCell.xib */ = {isa = PBXFileReference; fileEncoding = 4; lastKnownFileType = file.xib; path = BCell.xib; sourceTree = "<group>"; };
		DC915EE01D1256190070C2DF /* BModel.h */ = {isa = PBXFileReference; fileEncoding = 4; lastKnownFileType = sourcecode.c.h; path = BModel.h; sourceTree = "<group>"; };
		DC915EE11D1256190070C2DF /* BModel.m */ = {isa = PBXFileReference; fileEncoding = 4; lastKnownFileType = sourcecode.c.objc; path = BModel.m; sourceTree = "<group>"; };
		DC915EE31D1256A10070C2DF /* BCell+ConfigureForData.h */ = {isa = PBXFileReference; fileEncoding = 4; lastKnownFileType = sourcecode.c.h; path = "BCell+ConfigureForData.h"; sourceTree = "<group>"; };
		DC915EE41D1256A10070C2DF /* BCell+ConfigureForData.m */ = {isa = PBXFileReference; fileEncoding = 4; lastKnownFileType = sourcecode.c.objc; path = "BCell+ConfigureForData.m"; sourceTree = "<group>"; };
		DC915EE61D1257890070C2DF /* Store.h */ = {isa = PBXFileReference; fileEncoding = 4; lastKnownFileType = sourcecode.c.h; path = Store.h; sourceTree = "<group>"; };
		DC915EE71D1257890070C2DF /* Store.m */ = {isa = PBXFileReference; fileEncoding = 4; lastKnownFileType = sourcecode.c.objc; path = Store.m; sourceTree = "<group>"; };
/* End PBXFileReference section */

/* Begin PBXFrameworksBuildPhase section */
		DC915E971D124E470070C2DF /* Frameworks */ = {
			isa = PBXFrameworksBuildPhase;
			buildActionMask = 2147483647;
			files = (
			);
			runOnlyForDeploymentPostprocessing = 0;
		};
		DC915EB01D124E470070C2DF /* Frameworks */ = {
			isa = PBXFrameworksBuildPhase;
			buildActionMask = 2147483647;
			files = (
			);
			runOnlyForDeploymentPostprocessing = 0;
		};
		DC915EBB1D124E470070C2DF /* Frameworks */ = {
			isa = PBXFrameworksBuildPhase;
			buildActionMask = 2147483647;
			files = (
			);
			runOnlyForDeploymentPostprocessing = 0;
		};
/* End PBXFrameworksBuildPhase section */

/* Begin PBXGroup section */
		DC915E911D124E470070C2DF = {
			isa = PBXGroup;
			children = (
				DC915E9C1D124E470070C2DF /* GA_LightWeightViewController */,
				DC915EB61D124E470070C2DF /* GA_LightWeightViewControllerTests */,
				DC915EC11D124E470070C2DF /* GA_LightWeightViewControllerUITests */,
				DC915E9B1D124E470070C2DF /* Products */,
			);
			sourceTree = "<group>";
		};
		DC915E9B1D124E470070C2DF /* Products */ = {
			isa = PBXGroup;
			children = (
				DC915E9A1D124E470070C2DF /* GA_LightWeightViewController.app */,
				DC915EB31D124E470070C2DF /* GA_LightWeightViewControllerTests.xctest */,
				DC915EBE1D124E470070C2DF /* GA_LightWeightViewControllerUITests.xctest */,
			);
			name = Products;
			sourceTree = "<group>";
		};
		DC915E9C1D124E470070C2DF /* GA_LightWeightViewController */ = {
			isa = PBXGroup;
			children = (
				DC915EA01D124E470070C2DF /* AppDelegate.h */,
				DC915EA11D124E470070C2DF /* AppDelegate.m */,
				DC915EA31D124E470070C2DF /* ViewController.h */,
				DC915EA41D124E470070C2DF /* ViewController.m */,
				DC915ED01D124E6D0070C2DF /* TableViewDataSource.h */,
				DC915ED11D124E6D0070C2DF /* TableViewDataSource.m */,
				DC915ED81D1252650070C2DF /* BCell.h */,
				DC915ED91D1252650070C2DF /* BCell.m */,
				DC915EDA1D1252650070C2DF /* BCell.xib */,
				DC915EE31D1256A10070C2DF /* BCell+ConfigureForData.h */,
				DC915EE41D1256A10070C2DF /* BCell+ConfigureForData.m */,
				DC915EE01D1256190070C2DF /* BModel.h */,
				DC915EE11D1256190070C2DF /* BModel.m */,
				DC915EE61D1257890070C2DF /* Store.h */,
				DC915EE71D1257890070C2DF /* Store.m */,
				DC915EA61D124E470070C2DF /* Main.storyboard */,
				DC915EA91D124E470070C2DF /* Assets.xcassets */,
				DC915EAB1D124E470070C2DF /* LaunchScreen.storyboard */,
				DC915EAE1D124E470070C2DF /* Info.plist */,
				DC915E9D1D124E470070C2DF /* Supporting Files */,
			);
			path = GA_LightWeightViewController;
			sourceTree = "<group>";
		};
		DC915E9D1D124E470070C2DF /* Supporting Files */ = {
			isa = PBXGroup;
			children = (
				DC915E9E1D124E470070C2DF /* main.m */,
			);
			name = "Supporting Files";
			sourceTree = "<group>";
		};
		DC915EB61D124E470070C2DF /* GA_LightWeightViewControllerTests */ = {
			isa = PBXGroup;
			children = (
				DC915EB71D124E470070C2DF /* GA_LightWeightViewControllerTests.m */,
				DC915EB91D124E470070C2DF /* Info.plist */,
			);
			path = GA_LightWeightViewControllerTests;
			sourceTree = "<group>";
		};
		DC915EC11D124E470070C2DF /* GA_LightWeightViewControllerUITests */ = {
			isa = PBXGroup;
			children = (
				DC915EC21D124E470070C2DF /* GA_LightWeightViewControllerUITests.m */,
				DC915EC41D124E470070C2DF /* Info.plist */,
			);
			path = GA_LightWeightViewControllerUITests;
			sourceTree = "<group>";
		};
/* End PBXGroup section */

/* Begin PBXNativeTarget section */
		DC915E991D124E470070C2DF /* GA_LightWeightViewController */ = {
			isa = PBXNativeTarget;
			buildConfigurationList = DC915EC71D124E470070C2DF /* Build configuration list for PBXNativeTarget "GA_LightWeightViewController" */;
			buildPhases = (
				DC915E961D124E470070C2DF /* Sources */,
				DC915E971D124E470070C2DF /* Frameworks */,
				DC915E981D124E470070C2DF /* Resources */,
			);
			buildRules = (
			);
			dependencies = (
			);
			name = GA_LightWeightViewController;
			productName = GA_LightWeightViewController;
			productReference = DC915E9A1D124E470070C2DF /* GA_LightWeightViewController.app */;
			productType = "com.apple.product-type.application";
		};
		DC915EB21D124E470070C2DF /* GA_LightWeightViewControllerTests */ = {
			isa = PBXNativeTarget;
			buildConfigurationList = DC915ECA1D124E470070C2DF /* Build configuration list for PBXNativeTarget "GA_LightWeightViewControllerTests" */;
			buildPhases = (
				DC915EAF1D124E470070C2DF /* Sources */,
				DC915EB01D124E470070C2DF /* Frameworks */,
				DC915EB11D124E470070C2DF /* Resources */,
			);
			buildRules = (
			);
			dependencies = (
				DC915EB51D124E470070C2DF /* PBXTargetDependency */,
			);
			name = GA_LightWeightViewControllerTests;
			productName = GA_LightWeightViewControllerTests;
			productReference = DC915EB31D124E470070C2DF /* GA_LightWeightViewControllerTests.xctest */;
			productType = "com.apple.product-type.bundle.unit-test";
		};
		DC915EBD1D124E470070C2DF /* GA_LightWeightViewControllerUITests */ = {
			isa = PBXNativeTarget;
			buildConfigurationList = DC915ECD1D124E470070C2DF /* Build configuration list for PBXNativeTarget "GA_LightWeightViewControllerUITests" */;
			buildPhases = (
				DC915EBA1D124E470070C2DF /* Sources */,
				DC915EBB1D124E470070C2DF /* Frameworks */,
				DC915EBC1D124E470070C2DF /* Resources */,
			);
			buildRules = (
			);
			dependencies = (
				DC915EC01D124E470070C2DF /* PBXTargetDependency */,
			);
			name = GA_LightWeightViewControllerUITests;
			productName = GA_LightWeightViewControllerUITests;
			productReference = DC915EBE1D124E470070C2DF /* GA_LightWeightViewControllerUITests.xctest */;
			productType = "com.apple.product-type.bundle.ui-testing";
		};
/* End PBXNativeTarget section */

/* Begin PBXProject section */
		DC915E921D124E470070C2DF /* Project object */ = {
			isa = PBXProject;
			attributes = {
				LastUpgradeCheck = 0730;
				ORGANIZATIONNAME = houjianan;
				TargetAttributes = {
					DC915E991D124E470070C2DF = {
						CreatedOnToolsVersion = 7.3.1;
					};
					DC915EB21D124E470070C2DF = {
						CreatedOnToolsVersion = 7.3.1;
						TestTargetID = DC915E991D124E470070C2DF;
					};
					DC915EBD1D124E470070C2DF = {
						CreatedOnToolsVersion = 7.3.1;
						TestTargetID = DC915E991D124E470070C2DF;
					};
				};
			};
			buildConfigurationList = DC915E951D124E470070C2DF /* Build configuration list for PBXProject "GA_LightWeightViewController" */;
			compatibilityVersion = "Xcode 3.2";
			developmentRegion = English;
			hasScannedForEncodings = 0;
			knownRegions = (
				en,
				Base,
			);
			mainGroup = DC915E911D124E470070C2DF;
			productRefGroup = DC915E9B1D124E470070C2DF /* Products */;
			projectDirPath = "";
			projectRoot = "";
			targets = (
				DC915E991D124E470070C2DF /* GA_LightWeightViewController */,
				DC915EB21D124E470070C2DF /* GA_LightWeightViewControllerTests */,
				DC915EBD1D124E470070C2DF /* GA_LightWeightViewControllerUITests */,
			);
		};
/* End PBXProject section */

/* Begin PBXResourcesBuildPhase section */
		DC915E981D124E470070C2DF /* Resources */ = {
			isa = PBXResourcesBuildPhase;
			buildActionMask = 2147483647;
			files = (
				DC915EAD1D124E470070C2DF /* LaunchScreen.storyboard in Resources */,
				DC915EAA1D124E470070C2DF /* Assets.xcassets in Resources */,
				DC915EDC1D1252650070C2DF /* BCell.xib in Resources */,
				DC915EA81D124E470070C2DF /* Main.storyboard in Resources */,
			);
			runOnlyForDeploymentPostprocessing = 0;
		};
		DC915EB11D124E470070C2DF /* Resources */ = {
			isa = PBXResourcesBuildPhase;
			buildActionMask = 2147483647;
			files = (
			);
			runOnlyForDeploymentPostprocessing = 0;
		};
		DC915EBC1D124E470070C2DF /* Resources */ = {
			isa = PBXResourcesBuildPhase;
			buildActionMask = 2147483647;
			files = (
			);
			runOnlyForDeploymentPostprocessing = 0;
		};
/* End PBXResourcesBuildPhase section */

/* Begin PBXSourcesBuildPhase section */
		DC915E961D124E470070C2DF /* Sources */ = {
			isa = PBXSourcesBuildPhase;
			buildActionMask = 2147483647;
			files = (
				DC915EDB1D1252650070C2DF /* BCell.m in Sources */,
				DC915EA51D124E470070C2DF /* ViewController.m in Sources */,
				DC915EA21D124E470070C2DF /* AppDelegate.m in Sources */,
				DC915ED21D124E6D0070C2DF /* TableViewDataSource.m in Sources */,
				DC915EE51D1256A10070C2DF /* BCell+ConfigureForData.m in Sources */,
				DC915EE21D1256190070C2DF /* BModel.m in Sources */,
				DC915E9F1D124E470070C2DF /* main.m in Sources */,
				DC915EE81D1257890070C2DF /* Store.m in Sources */,
			);
			runOnlyForDeploymentPostprocessing = 0;
		};
		DC915EAF1D124E470070C2DF /* Sources */ = {
			isa = PBXSourcesBuildPhase;
			buildActionMask = 2147483647;
			files = (
				DC915EB81D124E470070C2DF /* GA_LightWeightViewControllerTests.m in Sources */,
			);
			runOnlyForDeploymentPostprocessing = 0;
		};
		DC915EBA1D124E470070C2DF /* Sources */ = {
			isa = PBXSourcesBuildPhase;
			buildActionMask = 2147483647;
			files = (
				DC915EC31D124E470070C2DF /* GA_LightWeightViewControllerUITests.m in Sources */,
			);
			runOnlyForDeploymentPostprocessing = 0;
		};
/* End PBXSourcesBuildPhase section */

/* Begin PBXTargetDependency section */
		DC915EB51D124E470070C2DF /* PBXTargetDependency */ = {
			isa = PBXTargetDependency;
			target = DC915E991D124E470070C2DF /* GA_LightWeightViewController */;
			targetProxy = DC915EB41D124E470070C2DF /* PBXContainerItemProxy */;
		};
		DC915EC01D124E470070C2DF /* PBXTargetDependency */ = {
			isa = PBXTargetDependency;
			target = DC915E991D124E470070C2DF /* GA_LightWeightViewController */;
			targetProxy = DC915EBF1D124E470070C2DF /* PBXContainerItemProxy */;
		};
/* End PBXTargetDependency section */

/* Begin PBXVariantGroup section */
		DC915EA61D124E470070C2DF /* Main.storyboard */ = {
			isa = PBXVariantGroup;
			children = (
				DC915EA71D124E470070C2DF /* Base */,
			);
			name = Main.storyboard;
			sourceTree = "<group>";
		};
		DC915EAB1D124E470070C2DF /* LaunchScreen.storyboard */ = {
			isa = PBXVariantGroup;
			children = (
				DC915EAC1D124E470070C2DF /* Base */,
			);
			name = LaunchScreen.storyboard;
			sourceTree = "<group>";
		};
/* End PBXVariantGroup section */

/* Begin XCBuildConfiguration section */
		DC915EC51D124E470070C2DF /* Debug */ = {
			isa = XCBuildConfiguration;
			buildSettings = {
				ALWAYS_SEARCH_USER_PATHS = NO;
				CLANG_ANALYZER_NONNULL = YES;
				CLANG_CXX_LANGUAGE_STANDARD = "gnu++0x";
				CLANG_CXX_LIBRARY = "libc++";
				CLANG_ENABLE_MODULES = YES;
				CLANG_ENABLE_OBJC_ARC = YES;
				CLANG_WARN_BOOL_CONVERSION = YES;
				CLANG_WARN_CONSTANT_CONVERSION = YES;
				CLANG_WARN_DIRECT_OBJC_ISA_USAGE = YES_ERROR;
				CLANG_WARN_EMPTY_BODY = YES;
				CLANG_WARN_ENUM_CONVERSION = YES;
				CLANG_WARN_INT_CONVERSION = YES;
				CLANG_WARN_OBJC_ROOT_CLASS = YES_ERROR;
				CLANG_WARN_UNREACHABLE_CODE = YES;
				CLANG_WARN__DUPLICATE_METHOD_MATCH = YES;
				"CODE_SIGN_IDENTITY[sdk=iphoneos*]" = "iPhone Developer";
				COPY_PHASE_STRIP = NO;
				DEBUG_INFORMATION_FORMAT = dwarf;
				ENABLE_STRICT_OBJC_MSGSEND = YES;
				ENABLE_TESTABILITY = YES;
				GCC_C_LANGUAGE_STANDARD = gnu99;
				GCC_DYNAMIC_NO_PIC = NO;
				GCC_NO_COMMON_BLOCKS = YES;
				GCC_OPTIMIZATION_LEVEL = 0;
				GCC_PREPROCESSOR_DEFINITIONS = (
					"DEBUG=1",
					"$(inherited)",
				);
				GCC_WARN_64_TO_32_BIT_CONVERSION = YES;
				GCC_WARN_ABOUT_RETURN_TYPE = YES_ERROR;
				GCC_WARN_UNDECLARED_SELECTOR = YES;
				GCC_WARN_UNINITIALIZED_AUTOS = YES_AGGRESSIVE;
				GCC_WARN_UNUSED_FUNCTION = YES;
				GCC_WARN_UNUSED_VARIABLE = YES;
				IPHONEOS_DEPLOYMENT_TARGET = 9.3;
				MTL_ENABLE_DEBUG_INFO = YES;
				ONLY_ACTIVE_ARCH = YES;
				SDKROOT = iphoneos;
			};
			name = Debug;
		};
		DC915EC61D124E470070C2DF /* Release */ = {
			isa = XCBuildConfiguration;
			buildSettings = {
				ALWAYS_SEARCH_USER_PATHS = NO;
				CLANG_ANALYZER_NONNULL = YES;
				CLANG_CXX_LANGUAGE_STANDARD = "gnu++0x";
				CLANG_CXX_LIBRARY = "libc++";
				CLANG_ENABLE_MODULES = YES;
				CLANG_ENABLE_OBJC_ARC = YES;
				CLANG_WARN_BOOL_CONVERSION = YES;
				CLANG_WARN_CONSTANT_CONVERSION = YES;
				CLANG_WARN_DIRECT_OBJC_ISA_USAGE = YES_ERROR;
				CLANG_WARN_EMPTY_BODY = YES;
				CLANG_WARN_ENUM_CONVERSION = YES;
				CLANG_WARN_INT_CONVERSION = YES;
				CLANG_WARN_OBJC_ROOT_CLASS = YES_ERROR;
				CLANG_WARN_UNREACHABLE_CODE = YES;
				CLANG_WARN__DUPLICATE_METHOD_MATCH = YES;
				"CODE_SIGN_IDENTITY[sdk=iphoneos*]" = "iPhone Developer";
				COPY_PHASE_STRIP = NO;
				DEBUG_INFORMATION_FORMAT = "dwarf-with-dsym";
				ENABLE_NS_ASSERTIONS = NO;
				ENABLE_STRICT_OBJC_MSGSEND = YES;
				GCC_C_LANGUAGE_STANDARD = gnu99;
				GCC_NO_COMMON_BLOCKS = YES;
				GCC_WARN_64_TO_32_BIT_CONVERSION = YES;
				GCC_WARN_ABOUT_RETURN_TYPE = YES_ERROR;
				GCC_WARN_UNDECLARED_SELECTOR = YES;
				GCC_WARN_UNINITIALIZED_AUTOS = YES_AGGRESSIVE;
				GCC_WARN_UNUSED_FUNCTION = YES;
				GCC_WARN_UNUSED_VARIABLE = YES;
				IPHONEOS_DEPLOYMENT_TARGET = 9.3;
				MTL_ENABLE_DEBUG_INFO = NO;
				SDKROOT = iphoneos;
				VALIDATE_PRODUCT = YES;
			};
			name = Release;
		};
		DC915EC81D124E470070C2DF /* Debug */ = {
			isa = XCBuildConfiguration;
			buildSettings = {
				ASSETCATALOG_COMPILER_APPICON_NAME = AppIcon;
				INFOPLIST_FILE = GA_LightWeightViewController/Info.plist;
				LD_RUNPATH_SEARCH_PATHS = "$(inherited) @executable_path/Frameworks";
				PRODUCT_BUNDLE_IDENTIFIER = "com.jianan.GA-LightWeightViewController";
				PRODUCT_NAME = "$(TARGET_NAME)";
			};
			name = Debug;
		};
		DC915EC91D124E470070C2DF /* Release */ = {
			isa = XCBuildConfiguration;
			buildSettings = {
				ASSETCATALOG_COMPILER_APPICON_NAME = AppIcon;
				INFOPLIST_FILE = GA_LightWeightViewController/Info.plist;
				LD_RUNPATH_SEARCH_PATHS = "$(inherited) @executable_path/Frameworks";
				PRODUCT_BUNDLE_IDENTIFIER = "com.jianan.GA-LightWeightViewController";
				PRODUCT_NAME = "$(TARGET_NAME)";
			};
			name = Release;
		};
		DC915ECB1D124E470070C2DF /* Debug */ = {
			isa = XCBuildConfiguration;
			buildSettings = {
				BUNDLE_LOADER = "$(TEST_HOST)";
				INFOPLIST_FILE = GA_LightWeightViewControllerTests/Info.plist;
				LD_RUNPATH_SEARCH_PATHS = "$(inherited) @executable_path/Frameworks @loader_path/Frameworks";
				PRODUCT_BUNDLE_IDENTIFIER = "com.jianan.GA-LightWeightViewControllerTests";
				PRODUCT_NAME = "$(TARGET_NAME)";
				TEST_HOST = "$(BUILT_PRODUCTS_DIR)/GA_LightWeightViewController.app/GA_LightWeightViewController";
			};
			name = Debug;
		};
		DC915ECC1D124E470070C2DF /* Release */ = {
			isa = XCBuildConfiguration;
			buildSettings = {
				BUNDLE_LOADER = "$(TEST_HOST)";
				INFOPLIST_FILE = GA_LightWeightViewControllerTests/Info.plist;
				LD_RUNPATH_SEARCH_PATHS = "$(inherited) @executable_path/Frameworks @loader_path/Frameworks";
				PRODUCT_BUNDLE_IDENTIFIER = "com.jianan.GA-LightWeightViewControllerTests";
				PRODUCT_NAME = "$(TARGET_NAME)";
				TEST_HOST = "$(BUILT_PRODUCTS_DIR)/GA_LightWeightViewController.app/GA_LightWeightViewController";
			};
			name = Release;
		};
		DC915ECE1D124E470070C2DF /* Debug */ = {
			isa = XCBuildConfiguration;
			buildSettings = {
				INFOPLIST_FILE = GA_LightWeightViewControllerUITests/Info.plist;
				LD_RUNPATH_SEARCH_PATHS = "$(inherited) @executable_path/Frameworks @loader_path/Frameworks";
				PRODUCT_BUNDLE_IDENTIFIER = "com.jianan.GA-LightWeightViewControllerUITests";
				PRODUCT_NAME = "$(TARGET_NAME)";
				TEST_TARGET_NAME = GA_LightWeightViewController;
			};
			name = Debug;
		};
		DC915ECF1D124E470070C2DF /* Release */ = {
			isa = XCBuildConfiguration;
			buildSettings = {
				INFOPLIST_FILE = GA_LightWeightViewControllerUITests/Info.plist;
				LD_RUNPATH_SEARCH_PATHS = "$(inherited) @executable_path/Frameworks @loader_path/Frameworks";
				PRODUCT_BUNDLE_IDENTIFIER = "com.jianan.GA-LightWeightViewControllerUITests";
				PRODUCT_NAME = "$(TARGET_NAME)";
				TEST_TARGET_NAME = GA_LightWeightViewController;
			};
			name = Release;
		};
/* End XCBuildConfiguration section */

/* Begin XCConfigurationList section */
		DC915E951D124E470070C2DF /* Build configuration list for PBXProject "GA_LightWeightViewController" */ = {
			isa = XCConfigurationList;
			buildConfigurations = (
				DC915EC51D124E470070C2DF /* Debug */,
				DC915EC61D124E470070C2DF /* Release */,
			);
			defaultConfigurationIsVisible = 0;
			defaultConfigurationName = Release;
		};
		DC915EC71D124E470070C2DF /* Build configuration list for PBXNativeTarget "GA_LightWeightViewController" */ = {
			isa = XCConfigurationList;
			buildConfigurations = (
				DC915EC81D124E470070C2DF /* Debug */,
				DC915EC91D124E470070C2DF /* Release */,
			);
			defaultConfigurationIsVisible = 0;
		};
		DC915ECA1D124E470070C2DF /* Build configuration list for PBXNativeTarget "GA_LightWeightViewControllerTests" */ = {
			isa = XCConfigurationList;
			buildConfigurations = (
				DC915ECB1D124E470070C2DF /* Debug */,
				DC915ECC1D124E470070C2DF /* Release */,
			);
			defaultConfigurationIsVisible = 0;
		};
		DC915ECD1D124E470070C2DF /* Build configuration list for PBXNativeTarget "GA_LightWeightViewControllerUITests" */ = {
			isa = XCConfigurationList;
			buildConfigurations = (
				DC915ECE1D124E470070C2DF /* Debug */,
				DC915ECF1D124E470070C2DF /* Release */,
			);
			defaultConfigurationIsVisible = 0;
		};
/* End XCConfigurationList section */
	};
	rootObject = DC915E921D124E470070C2DF /* Project object */;
}
